
Microsoft Visual Studio Solution File, Format Version 12.00
# Visual Studio Version 17
VisualStudioVersion = 17.8.34525.116
MinimumVisualStudioVersion = 10.0.40219.1
Project("{FAE04EC0-301F-11D3-BF4B-00C04F79EFBC}") = "FilmesApi", "FilmesApi\FilmesApi.csproj", "{C0FCDEEA-E9AA-47B4-853C-4B3E793495B9}"
EndProject
Global
	GlobalSection(SolutionConfigurationPlatforms) = preSolution
		Debug|Any CPU = Debug|Any CPU
		Release|Any CPU = Release|Any CPU
	EndGlobalSection
	GlobalSection(ProjectConfigurationPlatforms) = postSolution
		{C0FCDEEA-E9AA-47B4-853C-4B3E793495B9}.Debug|Any CPU.ActiveCfg = Debug|Any CPU
		{C0FCDEEA-E9AA-47B4-853C-4B3E793495B9}.Debug|Any CPU.Build.0 = Debug|Any CPU
		{C0FCDEEA-E9AA-47B4-853C-4B3E793495B9}.Release|Any CPU.ActiveCfg = Release|Any CPU
		{C0FCDEEA-E9AA-47B4-853C-4B3E793495B9}.Release|Any CPU.Build.0 = Release|Any CPU
	EndGlobalSection
	GlobalSection(SolutionProperties) = preSolution
		HideSolutionNode = FALSE
	EndGlobalSection
	GlobalSection(ExtensibilityGlobals) = postSolution
		SolutionGuid = {BE51697C-FD18-43FF-8B95-9F97E2259934}
	EndGlobalSection
EndGlobal
